
Microsoft Visual Studio Solution File, Format Version 12.00
# Visual Studio 15
VisualStudioVersion = 15.0.28307.757
MinimumVisualStudioVersion = 10.0.40219.1
Project("{2150E333-8FDC-42A3-9474-1A3956D46DE8}") = "Microservices", "Microservices", "{9B27759E-C526-48C3-BA42-BB554706DFEA}"
EndProject
Project("{2150E333-8FDC-42A3-9474-1A3956D46DE8}") = "Domain", "Domain", "{22C7FF8A-C4D6-44A7-AD7F-1E22B1245E37}"
EndProject
Project("{2150E333-8FDC-42A3-9474-1A3956D46DE8}") = "Infra.Bus", "Infra.Bus", "{C0502CA6-3F00-4E7E-88AC-2B9722ACA612}"
EndProject
Project("{2150E333-8FDC-42A3-9474-1A3956D46DE8}") = "Infra.IoC", "Infra.IoC", "{0656FABD-5047-4F8C-885C-35CD68DE14A1}"
EndProject
Project("{2150E333-8FDC-42A3-9474-1A3956D46DE8}") = "Presentation", "Presentation", "{FEC6592A-67FD-47E3-A268-62DCB3DF7147}"
EndProject
Project("{FAE04EC0-301F-11D3-BF4B-00C04F79EFBC}") = "MicroRabbit.Domain.Core", "MicroRabbit.Domain.Core\MicroRabbit.Domain.Core.csproj", "{F4F8EF8C-594A-4F88-9915-21332B3F98EC}"
EndProject
Global
	GlobalSection(SolutionConfigurationPlatforms) = preSolution
		Debug|Any CPU = Debug|Any CPU
		Release|Any CPU = Release|Any CPU
	EndGlobalSection
	GlobalSection(ProjectConfigurationPlatforms) = postSolution
		{F4F8EF8C-594A-4F88-9915-21332B3F98EC}.Debug|Any CPU.ActiveCfg = Debug|Any CPU
		{F4F8EF8C-594A-4F88-9915-21332B3F98EC}.Debug|Any CPU.Build.0 = Debug|Any CPU
		{F4F8EF8C-594A-4F88-9915-21332B3F98EC}.Release|Any CPU.ActiveCfg = Release|Any CPU
		{F4F8EF8C-594A-4F88-9915-21332B3F98EC}.Release|Any CPU.Build.0 = Release|Any CPU
	EndGlobalSection
	GlobalSection(SolutionProperties) = preSolution
		HideSolutionNode = FALSE
	EndGlobalSection
	GlobalSection(NestedProjects) = preSolution
		{F4F8EF8C-594A-4F88-9915-21332B3F98EC} = {22C7FF8A-C4D6-44A7-AD7F-1E22B1245E37}
	EndGlobalSection
	GlobalSection(ExtensibilityGlobals) = postSolution
		SolutionGuid = {D76C444C-E1A8-4658-B33E-E7255BB423D5}
	EndGlobalSection
EndGlobal
